
Microsoft Visual Studio Solution File, Format Version 12.00
# Visual Studio Version 16
VisualStudioVersion = 16.0.28803.156
MinimumVisualStudioVersion = 10.0.40219.1
Project("{2150E333-8FDC-42A3-9474-1A3956D46DE8}") = "src", "src", "{7EFED4E8-50D8-4A90-BD7E-47E01008EB91}"
EndProject
Project("{9A19103F-16F7-4668-BE54-9A1E7A4F7556}") = "GenericConverter", "src\GenericConverter\GenericConverter.csproj", "{0389D29F-D484-44B9-A599-86516B91A8F8}"
EndProject
Project("{9A19103F-16F7-4668-BE54-9A1E7A4F7556}") = "GenericConverter.Tests", "src\GenericConverter.Tests\GenericConverter.Tests.csproj", "{8D0B95F2-D089-4AB5-8231-9FD1AE8E5E0D}"
EndProject
Project("{9A19103F-16F7-4668-BE54-9A1E7A4F7556}") = "GenericConverter.TestConsole", "src\GenericConverter.TestConsole\GenericConverter.TestConsole.csproj", "{5C06A652-425F-4EA5-98FA-FC42A9D42223}"
EndProject
Project("{2150E333-8FDC-42A3-9474-1A3956D46DE8}") = "Solution Items", "Solution Items", "{BC5240D9-F68B-42A5-BD40-B931BBFA069F}"
	ProjectSection(SolutionItems) = preProject
		global.json = global.json
	EndProjectSection
EndProject
Global
	GlobalSection(SolutionConfigurationPlatforms) = preSolution
		Debug|Any CPU = Debug|Any CPU
		Release|Any CPU = Release|Any CPU
	EndGlobalSection
	GlobalSection(ProjectConfigurationPlatforms) = postSolution
		{0389D29F-D484-44B9-A599-86516B91A8F8}.Debug|Any CPU.ActiveCfg = Debug|Any CPU
		{0389D29F-D484-44B9-A599-86516B91A8F8}.Debug|Any CPU.Build.0 = Debug|Any CPU
		{0389D29F-D484-44B9-A599-86516B91A8F8}.Release|Any CPU.ActiveCfg = Release|Any CPU
		{0389D29F-D484-44B9-A599-86516B91A8F8}.Release|Any CPU.Build.0 = Release|Any CPU
		{8D0B95F2-D089-4AB5-8231-9FD1AE8E5E0D}.Debug|Any CPU.ActiveCfg = Debug|Any CPU
		{8D0B95F2-D089-4AB5-8231-9FD1AE8E5E0D}.Debug|Any CPU.Build.0 = Debug|Any CPU
		{8D0B95F2-D089-4AB5-8231-9FD1AE8E5E0D}.Release|Any CPU.ActiveCfg = Release|Any CPU
		{8D0B95F2-D089-4AB5-8231-9FD1AE8E5E0D}.Release|Any CPU.Build.0 = Release|Any CPU
		{5C06A652-425F-4EA5-98FA-FC42A9D42223}.Debug|Any CPU.ActiveCfg = Debug|Any CPU
		{5C06A652-425F-4EA5-98FA-FC42A9D42223}.Debug|Any CPU.Build.0 = Debug|Any CPU
		{5C06A652-425F-4EA5-98FA-FC42A9D42223}.Release|Any CPU.ActiveCfg = Release|Any CPU
		{5C06A652-425F-4EA5-98FA-FC42A9D42223}.Release|Any CPU.Build.0 = Release|Any CPU
	EndGlobalSection
	GlobalSection(SolutionProperties) = preSolution
		HideSolutionNode = FALSE
	EndGlobalSection
	GlobalSection(NestedProjects) = preSolution
		{0389D29F-D484-44B9-A599-86516B91A8F8} = {7EFED4E8-50D8-4A90-BD7E-47E01008EB91}
		{8D0B95F2-D089-4AB5-8231-9FD1AE8E5E0D} = {7EFED4E8-50D8-4A90-BD7E-47E01008EB91}
		{5C06A652-425F-4EA5-98FA-FC42A9D42223} = {7EFED4E8-50D8-4A90-BD7E-47E01008EB91}
	EndGlobalSection
	GlobalSection(ExtensibilityGlobals) = postSolution
		SolutionGuid = {011871C5-C1A1-46B4-8898-0AE26EA4942F}
	EndGlobalSection
EndGlobal
